
Microsoft Visual Studio Solution File, Format Version 12.00
# Visual Studio Version 17
VisualStudioVersion = 17.8.34316.72
MinimumVisualStudioVersion = 10.0.40219.1
Project("{FAE04EC0-301F-11D3-BF4B-00C04F79EFBC}") = "ITEP 103 MATH GAME", "ITEP 103 MATH GAME\ITEP 103 MATH GAME.csproj", "{EFB1F05F-6F2B-45E4-B095-4CF8E9E59DBC}"
EndProject
Global
	GlobalSection(SolutionConfigurationPlatforms) = preSolution
		Debug|Any CPU = Debug|Any CPU
		Release|Any CPU = Release|Any CPU
	EndGlobalSection
	GlobalSection(ProjectConfigurationPlatforms) = postSolution
		{EFB1F05F-6F2B-45E4-B095-4CF8E9E59DBC}.Debug|Any CPU.ActiveCfg = Debug|Any CPU
		{EFB1F05F-6F2B-45E4-B095-4CF8E9E59DBC}.Debug|Any CPU.Build.0 = Debug|Any CPU
		{EFB1F05F-6F2B-45E4-B095-4CF8E9E59DBC}.Release|Any CPU.ActiveCfg = Release|Any CPU
		{EFB1F05F-6F2B-45E4-B095-4CF8E9E59DBC}.Release|Any CPU.Build.0 = Release|Any CPU
	EndGlobalSection
	GlobalSection(SolutionProperties) = preSolution
		HideSolutionNode = FALSE
	EndGlobalSection
	GlobalSection(ExtensibilityGlobals) = postSolution
		SolutionGuid = {EE662F2A-4DB5-44A2-9F58-26E87B755D22}
	EndGlobalSection
EndGlobal
